// !$*UTF8*$!
{
	archiveVersion = 1;
	classes = {
	};
	objectVersion = 46;
	objects = {

/* Begin PBXBuildFile section */
		F4A924111EE8D4BE00CEDA3E /* AppDelegate.swift in Sources */ = {isa = PBXBuildFile; fileRef = F4A924101EE8D4BE00CEDA3E /* AppDelegate.swift */; };
		F4A924131EE8D4BE00CEDA3E /* ViewController.swift in Sources */ = {isa = PBXBuildFile; fileRef = F4A924121EE8D4BE00CEDA3E /* ViewController.swift */; };
		F4A924161EE8D4BE00CEDA3E /* Main.storyboard in Resources */ = {isa = PBXBuildFile; fileRef = F4A924141EE8D4BE00CEDA3E /* Main.storyboard */; };
		F4A924181EE8D4BE00CEDA3E /* Assets.xcassets in Resources */ = {isa = PBXBuildFile; fileRef = F4A924171EE8D4BE00CEDA3E /* Assets.xcassets */; };
		F4A9241B1EE8D4BE00CEDA3E /* LaunchScreen.storyboard in Resources */ = {isa = PBXBuildFile; fileRef = F4A924191EE8D4BE00CEDA3E /* LaunchScreen.storyboard */; };
		F4A924261EE8D4BF00CEDA3E /* PortListenerTests.swift in Sources */ = {isa = PBXBuildFile; fileRef = F4A924251EE8D4BF00CEDA3E /* PortListenerTests.swift */; };
/* End PBXBuildFile section */

/* Begin PBXContainerItemProxy section */
		F4A924221EE8D4BF00CEDA3E /* PBXContainerItemProxy */ = {
			isa = PBXContainerItemProxy;
			containerPortal = F4A924051EE8D4BE00CEDA3E /* Project object */;
			proxyType = 1;
			remoteGlobalIDString = F4A9240C1EE8D4BE00CEDA3E;
			remoteInfo = PortListener;
		};
/* End PBXContainerItemProxy section */

/* Begin PBXFileReference section */
		F4A9240D1EE8D4BE00CEDA3E /* PortListener.app */ = {isa = PBXFileReference; explicitFileType = wrapper.application; includeInIndex = 0; path = PortListener.app; sourceTree = BUILT_PRODUCTS_DIR; };
		F4A924101EE8D4BE00CEDA3E /* AppDelegate.swift */ = {isa = PBXFileReference; lastKnownFileType = sourcecode.swift; path = AppDelegate.swift; sourceTree = "<group>"; };
		F4A924121EE8D4BE00CEDA3E /* ViewController.swift */ = {isa = PBXFileReference; lastKnownFileType = sourcecode.swift; path = ViewController.swift; sourceTree = "<group>"; };
		F4A924151EE8D4BE00CEDA3E /* Base */ = {isa = PBXFileReference; lastKnownFileType = file.storyboard; name = Base; path = Base.lproj/Main.storyboard; sourceTree = "<group>"; };
		F4A924171EE8D4BE00CEDA3E /* Assets.xcassets */ = {isa = PBXFileReference; lastKnownFileType = folder.assetcatalog; path = Assets.xcassets; sourceTree = "<group>"; };
		F4A9241A1EE8D4BE00CEDA3E /* Base */ = {isa = PBXFileReference; lastKnownFileType = file.storyboard; name = Base; path = Base.lproj/LaunchScreen.storyboard; sourceTree = "<group>"; };
		F4A9241C1EE8D4BE00CEDA3E /* Info.plist */ = {isa = PBXFileReference; lastKnownFileType = text.plist.xml; path = Info.plist; sourceTree = "<group>"; };
		F4A924211EE8D4BF00CEDA3E /* PortListenerTests.xctest */ = {isa = PBXFileReference; explicitFileType = wrapper.cfbundle; includeInIndex = 0; path = PortListenerTests.xctest; sourceTree = BUILT_PRODUCTS_DIR; };
		F4A924251EE8D4BF00CEDA3E /* PortListenerTests.swift */ = {isa = PBXFileReference; lastKnownFileType = sourcecode.swift; path = PortListenerTests.swift; sourceTree = "<group>"; };
		F4A924271EE8D4BF00CEDA3E /* Info.plist */ = {isa = PBXFileReference; lastKnownFileType = text.plist.xml; path = Info.plist; sourceTree = "<group>"; };
/* End PBXFileReference section */

/* Begin PBXFrameworksBuildPhase section */
		F4A9240A1EE8D4BE00CEDA3E /* Frameworks */ = {
			isa = PBXFrameworksBuildPhase;
			buildActionMask = 2147483647;
			files = (
			);
			runOnlyForDeploymentPostprocessing = 0;
		};
		F4A9241E1EE8D4BF00CEDA3E /* Frameworks */ = {
			isa = PBXFrameworksBuildPhase;
			buildActionMask = 2147483647;
			files = (
			);
			runOnlyForDeploymentPostprocessing = 0;
		};
/* End PBXFrameworksBuildPhase section */

/* Begin PBXGroup section */
		F4A924041EE8D4BE00CEDA3E = {
			isa = PBXGroup;
			children = (
				F4A9240F1EE8D4BE00CEDA3E /* PortListener */,
				F4A924241EE8D4BF00CEDA3E /* PortListenerTests */,
				F4A9240E1EE8D4BE00CEDA3E /* Products */,
			);
			sourceTree = "<group>";
		};
		F4A9240E1EE8D4BE00CEDA3E /* Products */ = {
			isa = PBXGroup;
			children = (
				F4A9240D1EE8D4BE00CEDA3E /* PortListener.app */,
				F4A924211EE8D4BF00CEDA3E /* PortListenerTests.xctest */,
			);
			name = Products;
			sourceTree = "<group>";
		};
		F4A9240F1EE8D4BE00CEDA3E /* PortListener */ = {
			isa = PBXGroup;
			children = (
				F4A924101EE8D4BE00CEDA3E /* AppDelegate.swift */,
				F4A924121EE8D4BE00CEDA3E /* ViewController.swift */,
				F4A924141EE8D4BE00CEDA3E /* Main.storyboard */,
				F4A924171EE8D4BE00CEDA3E /* Assets.xcassets */,
				F4A924191EE8D4BE00CEDA3E /* LaunchScreen.storyboard */,
				F4A9241C1EE8D4BE00CEDA3E /* Info.plist */,
			);
			path = PortListener;
			sourceTree = "<group>";
		};
		F4A924241EE8D4BF00CEDA3E /* PortListenerTests */ = {
			isa = PBXGroup;
			children = (
				F4A924251EE8D4BF00CEDA3E /* PortListenerTests.swift */,
				F4A924271EE8D4BF00CEDA3E /* Info.plist */,
			);
			path = PortListenerTests;
			sourceTree = "<group>";
		};
/* End PBXGroup section */

/* Begin PBXNativeTarget section */
		F4A9240C1EE8D4BE00CEDA3E /* PortListener */ = {
			isa = PBXNativeTarget;
			buildConfigurationList = F4A9242A1EE8D4BF00CEDA3E /* Build configuration list for PBXNativeTarget "PortListener" */;
			buildPhases = (
				F4A924091EE8D4BE00CEDA3E /* Sources */,
				F4A9240A1EE8D4BE00CEDA3E /* Frameworks */,
				F4A9240B1EE8D4BE00CEDA3E /* Resources */,
			);
			buildRules = (
			);
			dependencies = (
			);
			name = PortListener;
			productName = PortListener;
			productReference = F4A9240D1EE8D4BE00CEDA3E /* PortListener.app */;
			productType = "com.apple.product-type.application";
		};
		F4A924201EE8D4BF00CEDA3E /* PortListenerTests */ = {
			isa = PBXNativeTarget;
			buildConfigurationList = F4A9242D1EE8D4BF00CEDA3E /* Build configuration list for PBXNativeTarget "PortListenerTests" */;
			buildPhases = (
				F4A9241D1EE8D4BF00CEDA3E /* Sources */,
				F4A9241E1EE8D4BF00CEDA3E /* Frameworks */,
				F4A9241F1EE8D4BF00CEDA3E /* Resources */,
			);
			buildRules = (
			);
			dependencies = (
				F4A924231EE8D4BF00CEDA3E /* PBXTargetDependency */,
			);
			name = PortListenerTests;
			productName = PortListenerTests;
			productReference = F4A924211EE8D4BF00CEDA3E /* PortListenerTests.xctest */;
			productType = "com.apple.product-type.bundle.unit-test";
		};
/* End PBXNativeTarget section */

/* Begin PBXProject section */
		F4A924051EE8D4BE00CEDA3E /* Project object */ = {
			isa = PBXProject;
			attributes = {
				LastSwiftUpdateCheck = 0730;
				LastUpgradeCheck = 0730;
				ORGANIZATIONNAME = home;
				TargetAttributes = {
					F4A9240C1EE8D4BE00CEDA3E = {
						CreatedOnToolsVersion = 7.3.1;
					};
					F4A924201EE8D4BF00CEDA3E = {
						CreatedOnToolsVersion = 7.3.1;
						TestTargetID = F4A9240C1EE8D4BE00CEDA3E;
					};
				};
			};
			buildConfigurationList = F4A924081EE8D4BE00CEDA3E /* Build configuration list for PBXProject "PortListener" */;
			compatibilityVersion = "Xcode 3.2";
			developmentRegion = English;
			hasScannedForEncodings = 0;
			knownRegions = (
				en,
				Base,
			);
			mainGroup = F4A924041EE8D4BE00CEDA3E;
			productRefGroup = F4A9240E1EE8D4BE00CEDA3E /* Products */;
			projectDirPath = "";
			projectRoot = "";
			targets = (
				F4A9240C1EE8D4BE00CEDA3E /* PortListener */,
				F4A924201EE8D4BF00CEDA3E /* PortListenerTests */,
			);
		};
/* End PBXProject section */

/* Begin PBXResourcesBuildPhase section */
		F4A9240B1EE8D4BE00CEDA3E /* Resources */ = {
			isa = PBXResourcesBuildPhase;
			buildActionMask = 2147483647;
			files = (
				F4A9241B1EE8D4BE00CEDA3E /* LaunchScreen.storyboard in Resources */,
				F4A924181EE8D4BE00CEDA3E /* Assets.xcassets in Resources */,
				F4A924161EE8D4BE00CEDA3E /* Main.storyboard in Resources */,
			);
			runOnlyForDeploymentPostprocessing = 0;
		};
		F4A9241F1EE8D4BF00CEDA3E /* Resources */ = {
			isa = PBXResourcesBuildPhase;
			buildActionMask = 2147483647;
			files = (
			);
			runOnlyForDeploymentPostprocessing = 0;
		};
/* End PBXResourcesBuildPhase section */

/* Begin PBXSourcesBuildPhase section */
		F4A924091EE8D4BE00CEDA3E /* Sources */ = {
			isa = PBXSourcesBuildPhase;
			buildActionMask = 2147483647;
			files = (
				F4A924131EE8D4BE00CEDA3E /* ViewController.swift in Sources */,
				F4A924111EE8D4BE00CEDA3E /* AppDelegate.swift in Sources */,
			);
			runOnlyForDeploymentPostprocessing = 0;
		};
		F4A9241D1EE8D4BF00CEDA3E /* Sources */ = {
			isa = PBXSourcesBuildPhase;
			buildActionMask = 2147483647;
			files = (
				F4A924261EE8D4BF00CEDA3E /* PortListenerTests.swift in Sources */,
			);
			runOnlyForDeploymentPostprocessing = 0;
		};
/* End PBXSourcesBuildPhase section */

/* Begin PBXTargetDependency section */
		F4A924231EE8D4BF00CEDA3E /* PBXTargetDependency */ = {
			isa = PBXTargetDependency;
			target = F4A9240C1EE8D4BE00CEDA3E /* PortListener */;
			targetProxy = F4A924221EE8D4BF00CEDA3E /* PBXContainerItemProxy */;
		};
/* End PBXTargetDependency section */

/* Begin PBXVariantGroup section */
		F4A924141EE8D4BE00CEDA3E /* Main.storyboard */ = {
			isa = PBXVariantGroup;
			children = (
				F4A924151EE8D4BE00CEDA3E /* Base */,
			);
			name = Main.storyboard;
			sourceTree = "<group>";
		};
		F4A924191EE8D4BE00CEDA3E /* LaunchScreen.storyboard */ = {
			isa = PBXVariantGroup;
			children = (
				F4A9241A1EE8D4BE00CEDA3E /* Base */,
			);
			name = LaunchScreen.storyboard;
			sourceTree = "<group>";
		};
/* End PBXVariantGroup section */

/* Begin XCBuildConfiguration section */
		F4A924281EE8D4BF00CEDA3E /* Debug */ = {
			isa = XCBuildConfiguration;
			buildSettings = {
				ALWAYS_SEARCH_USER_PATHS = NO;
				CLANG_ANALYZER_NONNULL = YES;
				CLANG_CXX_LANGUAGE_STANDARD = "gnu++0x";
				CLANG_CXX_LIBRARY = "libc++";
				CLANG_ENABLE_MODULES = YES;
				CLANG_ENABLE_OBJC_ARC = YES;
				CLANG_WARN_BOOL_CONVERSION = YES;
				CLANG_WARN_CONSTANT_CONVERSION = YES;
				CLANG_WARN_DIRECT_OBJC_ISA_USAGE = YES_ERROR;
				CLANG_WARN_EMPTY_BODY = YES;
				CLANG_WARN_ENUM_CONVERSION = YES;
				CLANG_WARN_INT_CONVERSION = YES;
				CLANG_WARN_OBJC_ROOT_CLASS = YES_ERROR;
				CLANG_WARN_UNREACHABLE_CODE = YES;
				CLANG_WARN__DUPLICATE_METHOD_MATCH = YES;
				"CODE_SIGN_IDENTITY[sdk=iphoneos*]" = "iPhone Developer";
				COPY_PHASE_STRIP = NO;
				DEBUG_INFORMATION_FORMAT = dwarf;
				ENABLE_STRICT_OBJC_MSGSEND = YES;
				ENABLE_TESTABILITY = YES;
				GCC_C_LANGUAGE_STANDARD = gnu99;
				GCC_DYNAMIC_NO_PIC = NO;
				GCC_NO_COMMON_BLOCKS = YES;
				GCC_OPTIMIZATION_LEVEL = 0;
				GCC_PREPROCESSOR_DEFINITIONS = (
					"DEBUG=1",
					"$(inherited)",
				);
				GCC_WARN_64_TO_32_BIT_CONVERSION = YES;
				GCC_WARN_ABOUT_RETURN_TYPE = YES_ERROR;
				GCC_WARN_UNDECLARED_SELECTOR = YES;
				GCC_WARN_UNINITIALIZED_AUTOS = YES_AGGRESSIVE;
				GCC_WARN_UNUSED_FUNCTION = YES;
				GCC_WARN_UNUSED_VARIABLE = YES;
				IPHONEOS_DEPLOYMENT_TARGET = 9.3;
				MTL_ENABLE_DEBUG_INFO = YES;
				ONLY_ACTIVE_ARCH = YES;
				SDKROOT = iphoneos;
				SWIFT_OPTIMIZATION_LEVEL = "-Onone";
				TARGETED_DEVICE_FAMILY = "1,2";
			};
			name = Debug;
		};
		F4A924291EE8D4BF00CEDA3E /* Release */ = {
			isa = XCBuildConfiguration;
			buildSettings = {
				ALWAYS_SEARCH_USER_PATHS = NO;
				CLANG_ANALYZER_NONNULL = YES;
				CLANG_CXX_LANGUAGE_STANDARD = "gnu++0x";
				CLANG_CXX_LIBRARY = "libc++";
				CLANG_ENABLE_MODULES = YES;
				CLANG_ENABLE_OBJC_ARC = YES;
				CLANG_WARN_BOOL_CONVERSION = YES;
				CLANG_WARN_CONSTANT_CONVERSION = YES;
				CLANG_WARN_DIRECT_OBJC_ISA_USAGE = YES_ERROR;
				CLANG_WARN_EMPTY_BODY = YES;
				CLANG_WARN_ENUM_CONVERSION = YES;
				CLANG_WARN_INT_CONVERSION = YES;
				CLANG_WARN_OBJC_ROOT_CLASS = YES_ERROR;
				CLANG_WARN_UNREACHABLE_CODE = YES;
				CLANG_WARN__DUPLICATE_METHOD_MATCH = YES;
				"CODE_SIGN_IDENTITY[sdk=iphoneos*]" = "iPhone Developer";
				COPY_PHASE_STRIP = NO;
				DEBUG_INFORMATION_FORMAT = "dwarf-with-dsym";
				ENABLE_NS_ASSERTIONS = NO;
				ENABLE_STRICT_OBJC_MSGSEND = YES;
				GCC_C_LANGUAGE_STANDARD = gnu99;
				GCC_NO_COMMON_BLOCKS = YES;
				GCC_WARN_64_TO_32_BIT_CONVERSION = YES;
				GCC_WARN_ABOUT_RETURN_TYPE = YES_ERROR;
				GCC_WARN_UNDECLARED_SELECTOR = YES;
				GCC_WARN_UNINITIALIZED_AUTOS = YES_AGGRESSIVE;
				GCC_WARN_UNUSED_FUNCTION = YES;
				GCC_WARN_UNUSED_VARIABLE = YES;
				IPHONEOS_DEPLOYMENT_TARGET = 9.3;
				MTL_ENABLE_DEBUG_INFO = NO;
				SDKROOT = iphoneos;
				TARGETED_DEVICE_FAMILY = "1,2";
				VALIDATE_PRODUCT = YES;
			};
			name = Release;
		};
		F4A9242B1EE8D4BF00CEDA3E /* Debug */ = {
			isa = XCBuildConfiguration;
			buildSettings = {
				ASSETCATALOG_COMPILER_APPICON_NAME = AppIcon;
				INFOPLIST_FILE = PortListener/Info.plist;
				LD_RUNPATH_SEARCH_PATHS = "$(inherited) @executable_path/Frameworks";
				PRODUCT_BUNDLE_IDENTIFIER = com.example.PortListener;
				PRODUCT_NAME = "$(TARGET_NAME)";
			};
			name = Debug;
		};
		F4A9242C1EE8D4BF00CEDA3E /* Release */ = {
			isa = XCBuildConfiguration;
			buildSettings = {
				ASSETCATALOG_COMPILER_APPICON_NAME = AppIcon;
				INFOPLIST_FILE = PortListener/Info.plist;
				LD_RUNPATH_SEARCH_PATHS = "$(inherited) @executable_path/Frameworks";
				PRODUCT_BUNDLE_IDENTIFIER = com.example.PortListener;
				PRODUCT_NAME = "$(TARGET_NAME)";
			};
			name = Release;
		};
		F4A9242E1EE8D4BF00CEDA3E /* Debug */ = {
			isa = XCBuildConfiguration;
			buildSettings = {
				BUNDLE_LOADER = "$(TEST_HOST)";
				INFOPLIST_FILE = PortListenerTests/Info.plist;
				LD_RUNPATH_SEARCH_PATHS = "$(inherited) @executable_path/Frameworks @loader_path/Frameworks";
				PRODUCT_BUNDLE_IDENTIFIER = com.example.PortListenerTests;
				PRODUCT_NAME = "$(TARGET_NAME)";
				TEST_HOST = "$(BUILT_PRODUCTS_DIR)/PortListener.app/PortListener";
			};
			name = Debug;
		};
		F4A9242F1EE8D4BF00CEDA3E /* Release */ = {
			isa = XCBuildConfiguration;
			buildSettings = {
				BUNDLE_LOADER = "$(TEST_HOST)";
				INFOPLIST_FILE = PortListenerTests/Info.plist;
				LD_RUNPATH_SEARCH_PATHS = "$(inherited) @executable_path/Frameworks @loader_path/Frameworks";
				PRODUCT_BUNDLE_IDENTIFIER = com.example.PortListenerTests;
				PRODUCT_NAME = "$(TARGET_NAME)";
				TEST_HOST = "$(BUILT_PRODUCTS_DIR)/PortListener.app/PortListener";
			};
			name = Release;
		};
/* End XCBuildConfiguration section */

/* Begin XCConfigurationList section */
		F4A924081EE8D4BE00CEDA3E /* Build configuration list for PBXProject "PortListener" */ = {
			isa = XCConfigurationList;
			buildConfigurations = (
				F4A924281EE8D4BF00CEDA3E /* Debug */,
				F4A924291EE8D4BF00CEDA3E /* Release */,
			);
			defaultConfigurationIsVisible = 0;
			defaultConfigurationName = Release;
		};
		F4A9242A1EE8D4BF00CEDA3E /* Build configuration list for PBXNativeTarget "PortListener" */ = {
			isa = XCConfigurationList;
			buildConfigurations = (
				F4A9242B1EE8D4BF00CEDA3E /* Debug */,
				F4A9242C1EE8D4BF00CEDA3E /* Release */,
			);
			defaultConfigurationIsVisible = 0;
		};
		F4A9242D1EE8D4BF00CEDA3E /* Build configuration list for PBXNativeTarget "PortListenerTests" */ = {
			isa = XCConfigurationList;
			buildConfigurations = (
				F4A9242E1EE8D4BF00CEDA3E /* Debug */,
				F4A9242F1EE8D4BF00CEDA3E /* Release */,
			);
			defaultConfigurationIsVisible = 0;
		};
/* End XCConfigurationList section */
	};
	rootObject = F4A924051EE8D4BE00CEDA3E /* Project object */;
}
