// !$*UTF8*$!
{
	archiveVersion = 1;
	classes = {
	};
	objectVersion = 46;
	objects = {

/* Begin PBXBuildFile section */
		F45084B91BCC24A1005A15FF /* AppDelegate.swift in Sources */ = {isa = PBXBuildFile; fileRef = F45084B81BCC24A1005A15FF /* AppDelegate.swift */; };
		F45084BB1BCC24A1005A15FF /* ViewController.swift in Sources */ = {isa = PBXBuildFile; fileRef = F45084BA1BCC24A1005A15FF /* ViewController.swift */; };
		F45084BE1BCC24A1005A15FF /* Main.storyboard in Resources */ = {isa = PBXBuildFile; fileRef = F45084BC1BCC24A1005A15FF /* Main.storyboard */; };
		F45084C01BCC24A1005A15FF /* Assets.xcassets in Resources */ = {isa = PBXBuildFile; fileRef = F45084BF1BCC24A1005A15FF /* Assets.xcassets */; };
		F45084C31BCC24A1005A15FF /* LaunchScreen.storyboard in Resources */ = {isa = PBXBuildFile; fileRef = F45084C11BCC24A1005A15FF /* LaunchScreen.storyboard */; };
		F45084CE1BCC24A1005A15FF /* RxCalculatorTests.swift in Sources */ = {isa = PBXBuildFile; fileRef = F45084CD1BCC24A1005A15FF /* RxCalculatorTests.swift */; };
/* End PBXBuildFile section */

/* Begin PBXContainerItemProxy section */
		F45084CA1BCC24A1005A15FF /* PBXContainerItemProxy */ = {
			isa = PBXContainerItemProxy;
			containerPortal = F45084AD1BCC24A1005A15FF /* Project object */;
			proxyType = 1;
			remoteGlobalIDString = F45084B41BCC24A1005A15FF;
			remoteInfo = RxCalculator;
		};
/* End PBXContainerItemProxy section */

/* Begin PBXFileReference section */
		F45084B51BCC24A1005A15FF /* RxCalculator.app */ = {isa = PBXFileReference; explicitFileType = wrapper.application; includeInIndex = 0; path = RxCalculator.app; sourceTree = BUILT_PRODUCTS_DIR; };
		F45084B81BCC24A1005A15FF /* AppDelegate.swift */ = {isa = PBXFileReference; lastKnownFileType = sourcecode.swift; path = AppDelegate.swift; sourceTree = "<group>"; };
		F45084BA1BCC24A1005A15FF /* ViewController.swift */ = {isa = PBXFileReference; lastKnownFileType = sourcecode.swift; path = ViewController.swift; sourceTree = "<group>"; };
		F45084BD1BCC24A1005A15FF /* Base */ = {isa = PBXFileReference; lastKnownFileType = file.storyboard; name = Base; path = Base.lproj/Main.storyboard; sourceTree = "<group>"; };
		F45084BF1BCC24A1005A15FF /* Assets.xcassets */ = {isa = PBXFileReference; lastKnownFileType = folder.assetcatalog; path = Assets.xcassets; sourceTree = "<group>"; };
		F45084C21BCC24A1005A15FF /* Base */ = {isa = PBXFileReference; lastKnownFileType = file.storyboard; name = Base; path = Base.lproj/LaunchScreen.storyboard; sourceTree = "<group>"; };
		F45084C41BCC24A1005A15FF /* Info.plist */ = {isa = PBXFileReference; lastKnownFileType = text.plist.xml; path = Info.plist; sourceTree = "<group>"; };
		F45084C91BCC24A1005A15FF /* RxCalculatorTests.xctest */ = {isa = PBXFileReference; explicitFileType = wrapper.cfbundle; includeInIndex = 0; path = RxCalculatorTests.xctest; sourceTree = BUILT_PRODUCTS_DIR; };
		F45084CD1BCC24A1005A15FF /* RxCalculatorTests.swift */ = {isa = PBXFileReference; lastKnownFileType = sourcecode.swift; path = RxCalculatorTests.swift; sourceTree = "<group>"; };
		F45084CF1BCC24A1005A15FF /* Info.plist */ = {isa = PBXFileReference; lastKnownFileType = text.plist.xml; path = Info.plist; sourceTree = "<group>"; };
/* End PBXFileReference section */

/* Begin PBXFrameworksBuildPhase section */
		F45084B21BCC24A1005A15FF /* Frameworks */ = {
			isa = PBXFrameworksBuildPhase;
			buildActionMask = 2147483647;
			files = (
			);
			runOnlyForDeploymentPostprocessing = 0;
		};
		F45084C61BCC24A1005A15FF /* Frameworks */ = {
			isa = PBXFrameworksBuildPhase;
			buildActionMask = 2147483647;
			files = (
			);
			runOnlyForDeploymentPostprocessing = 0;
		};
/* End PBXFrameworksBuildPhase section */

/* Begin PBXGroup section */
		F45084AC1BCC24A1005A15FF = {
			isa = PBXGroup;
			children = (
				F45084B71BCC24A1005A15FF /* RxCalculator */,
				F45084CC1BCC24A1005A15FF /* RxCalculatorTests */,
				F45084B61BCC24A1005A15FF /* Products */,
			);
			sourceTree = "<group>";
		};
		F45084B61BCC24A1005A15FF /* Products */ = {
			isa = PBXGroup;
			children = (
				F45084B51BCC24A1005A15FF /* RxCalculator.app */,
				F45084C91BCC24A1005A15FF /* RxCalculatorTests.xctest */,
			);
			name = Products;
			sourceTree = "<group>";
		};
		F45084B71BCC24A1005A15FF /* RxCalculator */ = {
			isa = PBXGroup;
			children = (
				F45084B81BCC24A1005A15FF /* AppDelegate.swift */,
				F45084BA1BCC24A1005A15FF /* ViewController.swift */,
				F45084BC1BCC24A1005A15FF /* Main.storyboard */,
				F45084BF1BCC24A1005A15FF /* Assets.xcassets */,
				F45084C11BCC24A1005A15FF /* LaunchScreen.storyboard */,
				F45084C41BCC24A1005A15FF /* Info.plist */,
			);
			path = RxCalculator;
			sourceTree = "<group>";
		};
		F45084CC1BCC24A1005A15FF /* RxCalculatorTests */ = {
			isa = PBXGroup;
			children = (
				F45084CD1BCC24A1005A15FF /* RxCalculatorTests.swift */,
				F45084CF1BCC24A1005A15FF /* Info.plist */,
			);
			path = RxCalculatorTests;
			sourceTree = "<group>";
		};
/* End PBXGroup section */

/* Begin PBXNativeTarget section */
		F45084B41BCC24A1005A15FF /* RxCalculator */ = {
			isa = PBXNativeTarget;
			buildConfigurationList = F45084D21BCC24A1005A15FF /* Build configuration list for PBXNativeTarget "RxCalculator" */;
			buildPhases = (
				F45084B11BCC24A1005A15FF /* Sources */,
				F45084B21BCC24A1005A15FF /* Frameworks */,
				F45084B31BCC24A1005A15FF /* Resources */,
			);
			buildRules = (
			);
			dependencies = (
			);
			name = RxCalculator;
			productName = RxCalculator;
			productReference = F45084B51BCC24A1005A15FF /* RxCalculator.app */;
			productType = "com.apple.product-type.application";
		};
		F45084C81BCC24A1005A15FF /* RxCalculatorTests */ = {
			isa = PBXNativeTarget;
			buildConfigurationList = F45084D51BCC24A1005A15FF /* Build configuration list for PBXNativeTarget "RxCalculatorTests" */;
			buildPhases = (
				F45084C51BCC24A1005A15FF /* Sources */,
				F45084C61BCC24A1005A15FF /* Frameworks */,
				F45084C71BCC24A1005A15FF /* Resources */,
			);
			buildRules = (
			);
			dependencies = (
				F45084CB1BCC24A1005A15FF /* PBXTargetDependency */,
			);
			name = RxCalculatorTests;
			productName = RxCalculatorTests;
			productReference = F45084C91BCC24A1005A15FF /* RxCalculatorTests.xctest */;
			productType = "com.apple.product-type.bundle.unit-test";
		};
/* End PBXNativeTarget section */

/* Begin PBXProject section */
		F45084AD1BCC24A1005A15FF /* Project object */ = {
			isa = PBXProject;
			attributes = {
				LastUpgradeCheck = 0700;
				ORGANIZATIONNAME = home;
				TargetAttributes = {
					F45084B41BCC24A1005A15FF = {
						CreatedOnToolsVersion = 7.0.1;
					};
					F45084C81BCC24A1005A15FF = {
						CreatedOnToolsVersion = 7.0.1;
						TestTargetID = F45084B41BCC24A1005A15FF;
					};
				};
			};
			buildConfigurationList = F45084B01BCC24A1005A15FF /* Build configuration list for PBXProject "RxCalculator" */;
			compatibilityVersion = "Xcode 3.2";
			developmentRegion = English;
			hasScannedForEncodings = 0;
			knownRegions = (
				en,
				Base,
			);
			mainGroup = F45084AC1BCC24A1005A15FF;
			productRefGroup = F45084B61BCC24A1005A15FF /* Products */;
			projectDirPath = "";
			projectRoot = "";
			targets = (
				F45084B41BCC24A1005A15FF /* RxCalculator */,
				F45084C81BCC24A1005A15FF /* RxCalculatorTests */,
			);
		};
/* End PBXProject section */

/* Begin PBXResourcesBuildPhase section */
		F45084B31BCC24A1005A15FF /* Resources */ = {
			isa = PBXResourcesBuildPhase;
			buildActionMask = 2147483647;
			files = (
				F45084C31BCC24A1005A15FF /* LaunchScreen.storyboard in Resources */,
				F45084C01BCC24A1005A15FF /* Assets.xcassets in Resources */,
				F45084BE1BCC24A1005A15FF /* Main.storyboard in Resources */,
			);
			runOnlyForDeploymentPostprocessing = 0;
		};
		F45084C71BCC24A1005A15FF /* Resources */ = {
			isa = PBXResourcesBuildPhase;
			buildActionMask = 2147483647;
			files = (
			);
			runOnlyForDeploymentPostprocessing = 0;
		};
/* End PBXResourcesBuildPhase section */

/* Begin PBXSourcesBuildPhase section */
		F45084B11BCC24A1005A15FF /* Sources */ = {
			isa = PBXSourcesBuildPhase;
			buildActionMask = 2147483647;
			files = (
				F45084BB1BCC24A1005A15FF /* ViewController.swift in Sources */,
				F45084B91BCC24A1005A15FF /* AppDelegate.swift in Sources */,
			);
			runOnlyForDeploymentPostprocessing = 0;
		};
		F45084C51BCC24A1005A15FF /* Sources */ = {
			isa = PBXSourcesBuildPhase;
			buildActionMask = 2147483647;
			files = (
				F45084CE1BCC24A1005A15FF /* RxCalculatorTests.swift in Sources */,
			);
			runOnlyForDeploymentPostprocessing = 0;
		};
/* End PBXSourcesBuildPhase section */

/* Begin PBXTargetDependency section */
		F45084CB1BCC24A1005A15FF /* PBXTargetDependency */ = {
			isa = PBXTargetDependency;
			target = F45084B41BCC24A1005A15FF /* RxCalculator */;
			targetProxy = F45084CA1BCC24A1005A15FF /* PBXContainerItemProxy */;
		};
/* End PBXTargetDependency section */

/* Begin PBXVariantGroup section */
		F45084BC1BCC24A1005A15FF /* Main.storyboard */ = {
			isa = PBXVariantGroup;
			children = (
				F45084BD1BCC24A1005A15FF /* Base */,
			);
			name = Main.storyboard;
			sourceTree = "<group>";
		};
		F45084C11BCC24A1005A15FF /* LaunchScreen.storyboard */ = {
			isa = PBXVariantGroup;
			children = (
				F45084C21BCC24A1005A15FF /* Base */,
			);
			name = LaunchScreen.storyboard;
			sourceTree = "<group>";
		};
/* End PBXVariantGroup section */

/* Begin XCBuildConfiguration section */
		F45084D01BCC24A1005A15FF /* Debug */ = {
			isa = XCBuildConfiguration;
			buildSettings = {
				ALWAYS_SEARCH_USER_PATHS = NO;
				CLANG_CXX_LANGUAGE_STANDARD = "gnu++0x";
				CLANG_CXX_LIBRARY = "libc++";
				CLANG_ENABLE_MODULES = YES;
				CLANG_ENABLE_OBJC_ARC = YES;
				CLANG_WARN_BOOL_CONVERSION = YES;
				CLANG_WARN_CONSTANT_CONVERSION = YES;
				CLANG_WARN_DIRECT_OBJC_ISA_USAGE = YES_ERROR;
				CLANG_WARN_EMPTY_BODY = YES;
				CLANG_WARN_ENUM_CONVERSION = YES;
				CLANG_WARN_INT_CONVERSION = YES;
				CLANG_WARN_OBJC_ROOT_CLASS = YES_ERROR;
				CLANG_WARN_UNREACHABLE_CODE = YES;
				CLANG_WARN__DUPLICATE_METHOD_MATCH = YES;
				"CODE_SIGN_IDENTITY[sdk=iphoneos*]" = "iPhone Developer";
				COPY_PHASE_STRIP = NO;
				DEBUG_INFORMATION_FORMAT = dwarf;
				ENABLE_STRICT_OBJC_MSGSEND = YES;
				ENABLE_TESTABILITY = YES;
				GCC_C_LANGUAGE_STANDARD = gnu99;
				GCC_DYNAMIC_NO_PIC = NO;
				GCC_NO_COMMON_BLOCKS = YES;
				GCC_OPTIMIZATION_LEVEL = 0;
				GCC_PREPROCESSOR_DEFINITIONS = (
					"DEBUG=1",
					"$(inherited)",
				);
				GCC_WARN_64_TO_32_BIT_CONVERSION = YES;
				GCC_WARN_ABOUT_RETURN_TYPE = YES_ERROR;
				GCC_WARN_UNDECLARED_SELECTOR = YES;
				GCC_WARN_UNINITIALIZED_AUTOS = YES_AGGRESSIVE;
				GCC_WARN_UNUSED_FUNCTION = YES;
				GCC_WARN_UNUSED_VARIABLE = YES;
				IPHONEOS_DEPLOYMENT_TARGET = 9.0;
				MTL_ENABLE_DEBUG_INFO = YES;
				ONLY_ACTIVE_ARCH = YES;
				SDKROOT = iphoneos;
				SWIFT_OPTIMIZATION_LEVEL = "-Onone";
				TARGETED_DEVICE_FAMILY = "1,2";
			};
			name = Debug;
		};
		F45084D11BCC24A1005A15FF /* Release */ = {
			isa = XCBuildConfiguration;
			buildSettings = {
				ALWAYS_SEARCH_USER_PATHS = NO;
				CLANG_CXX_LANGUAGE_STANDARD = "gnu++0x";
				CLANG_CXX_LIBRARY = "libc++";
				CLANG_ENABLE_MODULES = YES;
				CLANG_ENABLE_OBJC_ARC = YES;
				CLANG_WARN_BOOL_CONVERSION = YES;
				CLANG_WARN_CONSTANT_CONVERSION = YES;
				CLANG_WARN_DIRECT_OBJC_ISA_USAGE = YES_ERROR;
				CLANG_WARN_EMPTY_BODY = YES;
				CLANG_WARN_ENUM_CONVERSION = YES;
				CLANG_WARN_INT_CONVERSION = YES;
				CLANG_WARN_OBJC_ROOT_CLASS = YES_ERROR;
				CLANG_WARN_UNREACHABLE_CODE = YES;
				CLANG_WARN__DUPLICATE_METHOD_MATCH = YES;
				"CODE_SIGN_IDENTITY[sdk=iphoneos*]" = "iPhone Developer";
				COPY_PHASE_STRIP = NO;
				DEBUG_INFORMATION_FORMAT = "dwarf-with-dsym";
				ENABLE_NS_ASSERTIONS = NO;
				ENABLE_STRICT_OBJC_MSGSEND = YES;
				GCC_C_LANGUAGE_STANDARD = gnu99;
				GCC_NO_COMMON_BLOCKS = YES;
				GCC_WARN_64_TO_32_BIT_CONVERSION = YES;
				GCC_WARN_ABOUT_RETURN_TYPE = YES_ERROR;
				GCC_WARN_UNDECLARED_SELECTOR = YES;
				GCC_WARN_UNINITIALIZED_AUTOS = YES_AGGRESSIVE;
				GCC_WARN_UNUSED_FUNCTION = YES;
				GCC_WARN_UNUSED_VARIABLE = YES;
				IPHONEOS_DEPLOYMENT_TARGET = 9.0;
				MTL_ENABLE_DEBUG_INFO = NO;
				SDKROOT = iphoneos;
				TARGETED_DEVICE_FAMILY = "1,2";
				VALIDATE_PRODUCT = YES;
			};
			name = Release;
		};
		F45084D31BCC24A1005A15FF /* Debug */ = {
			isa = XCBuildConfiguration;
			buildSettings = {
				ASSETCATALOG_COMPILER_APPICON_NAME = AppIcon;
				INFOPLIST_FILE = RxCalculator/Info.plist;
				LD_RUNPATH_SEARCH_PATHS = "$(inherited) @executable_path/Frameworks";
				PRODUCT_BUNDLE_IDENTIFIER = com.example.RxCalculator;
				PRODUCT_NAME = "$(TARGET_NAME)";
			};
			name = Debug;
		};
		F45084D41BCC24A1005A15FF /* Release */ = {
			isa = XCBuildConfiguration;
			buildSettings = {
				ASSETCATALOG_COMPILER_APPICON_NAME = AppIcon;
				INFOPLIST_FILE = RxCalculator/Info.plist;
				LD_RUNPATH_SEARCH_PATHS = "$(inherited) @executable_path/Frameworks";
				PRODUCT_BUNDLE_IDENTIFIER = com.example.RxCalculator;
				PRODUCT_NAME = "$(TARGET_NAME)";
			};
			name = Release;
		};
		F45084D61BCC24A1005A15FF /* Debug */ = {
			isa = XCBuildConfiguration;
			buildSettings = {
				BUNDLE_LOADER = "$(TEST_HOST)";
				INFOPLIST_FILE = RxCalculatorTests/Info.plist;
				LD_RUNPATH_SEARCH_PATHS = "$(inherited) @executable_path/Frameworks @loader_path/Frameworks";
				PRODUCT_BUNDLE_IDENTIFIER = com.example.RxCalculatorTests;
				PRODUCT_NAME = "$(TARGET_NAME)";
				TEST_HOST = "$(BUILT_PRODUCTS_DIR)/RxCalculator.app/RxCalculator";
			};
			name = Debug;
		};
		F45084D71BCC24A1005A15FF /* Release */ = {
			isa = XCBuildConfiguration;
			buildSettings = {
				BUNDLE_LOADER = "$(TEST_HOST)";
				INFOPLIST_FILE = RxCalculatorTests/Info.plist;
				LD_RUNPATH_SEARCH_PATHS = "$(inherited) @executable_path/Frameworks @loader_path/Frameworks";
				PRODUCT_BUNDLE_IDENTIFIER = com.example.RxCalculatorTests;
				PRODUCT_NAME = "$(TARGET_NAME)";
				TEST_HOST = "$(BUILT_PRODUCTS_DIR)/RxCalculator.app/RxCalculator";
			};
			name = Release;
		};
/* End XCBuildConfiguration section */

/* Begin XCConfigurationList section */
		F45084B01BCC24A1005A15FF /* Build configuration list for PBXProject "RxCalculator" */ = {
			isa = XCConfigurationList;
			buildConfigurations = (
				F45084D01BCC24A1005A15FF /* Debug */,
				F45084D11BCC24A1005A15FF /* Release */,
			);
			defaultConfigurationIsVisible = 0;
			defaultConfigurationName = Release;
		};
		F45084D21BCC24A1005A15FF /* Build configuration list for PBXNativeTarget "RxCalculator" */ = {
			isa = XCConfigurationList;
			buildConfigurations = (
				F45084D31BCC24A1005A15FF /* Debug */,
				F45084D41BCC24A1005A15FF /* Release */,
			);
			defaultConfigurationIsVisible = 0;
		};
		F45084D51BCC24A1005A15FF /* Build configuration list for PBXNativeTarget "RxCalculatorTests" */ = {
			isa = XCConfigurationList;
			buildConfigurations = (
				F45084D61BCC24A1005A15FF /* Debug */,
				F45084D71BCC24A1005A15FF /* Release */,
			);
			defaultConfigurationIsVisible = 0;
		};
/* End XCConfigurationList section */
	};
	rootObject = F45084AD1BCC24A1005A15FF /* Project object */;
}
